PODS:
  - AlertMaker (0.1.27):
    - Masonry
  - FileBox (0.4.1):
    - SnapKit
  - Masonry (1.1.0)
  - SnapKit (4.2.0)
  - SwifterSwift (5.2.0):
    - SwifterSwift/AppKit (= 5.2.0)
    - SwifterSwift/CoreAnimation (= 5.2.0)
    - SwifterSwift/CoreGraphics (= 5.2.0)
    - SwifterSwift/CoreLocation (= 5.2.0)
    - SwifterSwift/Dispatch (= 5.2.0)
    - SwifterSwift/Foundation (= 5.2.0)
    - SwifterSwift/MapKit (= 5.2.0)
    - SwifterSwift/SceneKit (= 5.2.0)
    - SwifterSwift/SpriteKit (= 5.2.0)
    - SwifterSwift/StoreKit (= 5.2.0)
    - SwifterSwift/SwiftStdlib (= 5.2.0)
    - SwifterSwift/UIKit (= 5.2.0)
  - SwifterSwift/AppKit (5.2.0)
  - SwifterSwift/CoreAnimation (5.2.0)
  - SwifterSwift/CoreGraphics (5.2.0)
  - SwifterSwift/CoreLocation (5.2.0)
  - SwifterSwift/Dispatch (5.2.0)
  - SwifterSwift/Foundation (5.2.0)
  - SwifterSwift/MapKit (5.2.0)
  - SwifterSwift/SceneKit (5.2.0)
  - SwifterSwift/SpriteKit (5.2.0)
  - SwifterSwift/StoreKit (5.2.0)
  - SwifterSwift/SwiftStdlib (5.2.0)
  - SwifterSwift/UIKit (5.2.0)
  - VideoEditor (0.1.0)
  - VideoVisualEffects (0.1.0)

DEPENDENCIES:
  - AlertMaker
  - FileBox (~> 0.4.1)
  - SnapKit
  - SwifterSwift
  - VideoEditor (from `./Core/VideoEditor`)
  - VideoVisualEffects (from `./Core/VideoVisualEffects`)

SPEC REPOS:
  trunk:
    - AlertMaker
    - FileBox
    - Masonry
    - SnapKit
    - SwifterSwift

EXTERNAL SOURCES:
  VideoEditor:
    :path: "./Core/VideoEditor"
  VideoVisualEffects:
    :path: "./Core/VideoVisualEffects"

SPEC CHECKSUMS:
  AlertMaker: 9a50b6247f938d712f93c07cfc18e05ca3066db7
  FileBox: f6ad69f8dab98a9f90ddb84b563e7f0804dc8ea2
  Masonry: 678fab65091a9290e40e2832a55e7ab731aad201
  SnapKit: fe8a619752f3f27075cc9a90244d75c6c3f27e2a
  SwifterSwift: 334181863c416882d97b7a60c05054d9e4d799e2
  VideoEditor: 1a680b06a41638b4f3d09481e63749357f15bdd0
  VideoVisualEffects: 1f95f3852d7c68e1c6f6ba40f9fd127f259a7c29

PODFILE CHECKSUM: 6e87bea96e63d3ebb67078e0935c15c16c5f807d

COCOAPODS: 1.10.1
