// !$*UTF8*$!
{
	archiveVersion = 1;
	classes = {
	};
	objectVersion = 50;
	objects = {

/* Begin PBXBuildFile section */
		37D4714326F8BF63000A4610 /* AppDelegate.swift in Sources */ = {isa = PBXBuildFile; fileRef = 37D4714226F8BF63000A4610 /* AppDelegate.swift */; };
		37D4714526F8BF63000A4610 /* SceneDelegate.swift in Sources */ = {isa = PBXBuildFile; fileRef = 37D4714426F8BF63000A4610 /* SceneDelegate.swift */; };
		37D4714726F8BF63000A4610 /* ViewController.swift in Sources */ = {isa = PBXBuildFile; fileRef = 37D4714626F8BF63000A4610 /* ViewController.swift */; };
		37D4714A26F8BF63000A4610 /* Main.storyboard in Resources */ = {isa = PBXBuildFile; fileRef = 37D4714826F8BF63000A4610 /* Main.storyboard */; };
		37D4714C26F8BF65000A4610 /* Assets.xcassets in Resources */ = {isa = PBXBuildFile; fileRef = 37D4714B26F8BF65000A4610 /* Assets.xcassets */; };
		37D4714F26F8BF65000A4610 /* LaunchScreen.storyboard in Resources */ = {isa = PBXBuildFile; fileRef = 37D4714D26F8BF65000A4610 /* LaunchScreen.storyboard */; };
		37D4715926F8C444000A4610 /* VideoCollector.swift in Sources */ = {isa = PBXBuildFile; fileRef = 37D4715826F8C443000A4610 /* VideoCollector.swift */; };
		37D4715B26F8D028000A4610 /* VideoCollectorConfig.swift in Sources */ = {isa = PBXBuildFile; fileRef = 37D4715A26F8D028000A4610 /* VideoCollectorConfig.swift */; };
		7855ADD326FB26060056A39A /* VideoRecord.swift in Sources */ = {isa = PBXBuildFile; fileRef = 7855ADD226FB26060056A39A /* VideoRecord.swift */; };
		7855ADD526FB28680056A39A /* AVAuthorization.swift in Sources */ = {isa = PBXBuildFile; fileRef = 7855ADD426FB28680056A39A /* AVAuthorization.swift */; };
		7855ADD726FB38880056A39A /* VideoPartsManager.swift in Sources */ = {isa = PBXBuildFile; fileRef = 7855ADD626FB38880056A39A /* VideoPartsManager.swift */; };
		968F261642B0ADF7C6DC6622 /* Pods_SmartVideoEditor.framework in Frameworks */ = {isa = PBXBuildFile; fileRef = 1EB54F102C271E9BDCE3ED83 /* Pods_SmartVideoEditor.framework */; };
/* End PBXBuildFile section */

/* Begin PBXFileReference section */
		1EB54F102C271E9BDCE3ED83 /* Pods_SmartVideoEditor.framework */ = {isa = PBXFileReference; explicitFileType = wrapper.framework; includeInIndex = 0; path = Pods_SmartVideoEditor.framework; sourceTree = BUILT_PRODUCTS_DIR; };
		37D4713F26F8BF63000A4610 /* SmartVideoEditor.app */ = {isa = PBXFileReference; explicitFileType = wrapper.application; includeInIndex = 0; path = SmartVideoEditor.app; sourceTree = BUILT_PRODUCTS_DIR; };
		37D4714226F8BF63000A4610 /* AppDelegate.swift */ = {isa = PBXFileReference; lastKnownFileType = sourcecode.swift; path = AppDelegate.swift; sourceTree = "<group>"; };
		37D4714426F8BF63000A4610 /* SceneDelegate.swift */ = {isa = PBXFileReference; lastKnownFileType = sourcecode.swift; path = SceneDelegate.swift; sourceTree = "<group>"; };
		37D4714626F8BF63000A4610 /* ViewController.swift */ = {isa = PBXFileReference; lastKnownFileType = sourcecode.swift; path = ViewController.swift; sourceTree = "<group>"; };
		37D4714926F8BF63000A4610 /* Base */ = {isa = PBXFileReference; lastKnownFileType = file.storyboard; name = Base; path = Base.lproj/Main.storyboard; sourceTree = "<group>"; };
		37D4714B26F8BF65000A4610 /* Assets.xcassets */ = {isa = PBXFileReference; lastKnownFileType = folder.assetcatalog; path = Assets.xcassets; sourceTree = "<group>"; };
		37D4714E26F8BF65000A4610 /* Base */ = {isa = PBXFileReference; lastKnownFileType = file.storyboard; name = Base; path = Base.lproj/LaunchScreen.storyboard; sourceTree = "<group>"; };
		37D4715026F8BF65000A4610 /* Info.plist */ = {isa = PBXFileReference; lastKnownFileType = text.plist.xml; path = Info.plist; sourceTree = "<group>"; };
		37D4715826F8C443000A4610 /* VideoCollector.swift */ = {isa = PBXFileReference; lastKnownFileType = sourcecode.swift; path = VideoCollector.swift; sourceTree = "<group>"; };
		37D4715A26F8D028000A4610 /* VideoCollectorConfig.swift */ = {isa = PBXFileReference; lastKnownFileType = sourcecode.swift; path = VideoCollectorConfig.swift; sourceTree = "<group>"; };
		595CBB1CCBD342A4192D02BA /* Pods-SmartVideoEditor.release.xcconfig */ = {isa = PBXFileReference; includeInIndex = 1; lastKnownFileType = text.xcconfig; name = "Pods-SmartVideoEditor.release.xcconfig"; path = "Target Support Files/Pods-SmartVideoEditor/Pods-SmartVideoEditor.release.xcconfig"; sourceTree = "<group>"; };
		7855ADD226FB26060056A39A /* VideoRecord.swift */ = {isa = PBXFileReference; lastKnownFileType = sourcecode.swift; path = VideoRecord.swift; sourceTree = "<group>"; };
		7855ADD426FB28680056A39A /* AVAuthorization.swift */ = {isa = PBXFileReference; lastKnownFileType = sourcecode.swift; path = AVAuthorization.swift; sourceTree = "<group>"; };
		7855ADD626FB38880056A39A /* VideoPartsManager.swift */ = {isa = PBXFileReference; lastKnownFileType = sourcecode.swift; path = VideoPartsManager.swift; sourceTree = "<group>"; };
		EF00FC7541DAF9C16EE1CFEA /* Pods-SmartVideoEditor.debug.xcconfig */ = {isa = PBXFileReference; includeInIndex = 1; lastKnownFileType = text.xcconfig; name = "Pods-SmartVideoEditor.debug.xcconfig"; path = "Target Support Files/Pods-SmartVideoEditor/Pods-SmartVideoEditor.debug.xcconfig"; sourceTree = "<group>"; };
/* End PBXFileReference section */

/* Begin PBXFrameworksBuildPhase section */
		37D4713C26F8BF63000A4610 /* Frameworks */ = {
			isa = PBXFrameworksBuildPhase;
			buildActionMask = 2147483647;
			files = (
				968F261642B0ADF7C6DC6622 /* Pods_SmartVideoEditor.framework in Frameworks */,
			);
			runOnlyForDeploymentPostprocessing = 0;
		};
/* End PBXFrameworksBuildPhase section */

/* Begin PBXGroup section */
		37D4713626F8BF63000A4610 = {
			isa = PBXGroup;
			children = (
				37D4714126F8BF63000A4610 /* SmartVideoEditor */,
				37D4714026F8BF63000A4610 /* Products */,
				71DFCCA3F447057DCE7A1F6C /* Pods */,
				EF4D6AAF1DBC0B22A29DCACD /* Frameworks */,
			);
			sourceTree = "<group>";
		};
		37D4714026F8BF63000A4610 /* Products */ = {
			isa = PBXGroup;
			children = (
				37D4713F26F8BF63000A4610 /* SmartVideoEditor.app */,
			);
			name = Products;
			sourceTree = "<group>";
		};
		37D4714126F8BF63000A4610 /* SmartVideoEditor */ = {
			isa = PBXGroup;
			children = (
				37D4714226F8BF63000A4610 /* AppDelegate.swift */,
				37D4714426F8BF63000A4610 /* SceneDelegate.swift */,
				37D4714626F8BF63000A4610 /* ViewController.swift */,
				37D4715626F8C00A000A4610 /* Core */,
				37D4714826F8BF63000A4610 /* Main.storyboard */,
				37D4714B26F8BF65000A4610 /* Assets.xcassets */,
				37D4714D26F8BF65000A4610 /* LaunchScreen.storyboard */,
				37D4715026F8BF65000A4610 /* Info.plist */,
			);
			path = SmartVideoEditor;
			sourceTree = "<group>";
		};
		37D4715626F8C00A000A4610 /* Core */ = {
			isa = PBXGroup;
			children = (
				37D4715826F8C443000A4610 /* VideoCollector.swift */,
				37D4715A26F8D028000A4610 /* VideoCollectorConfig.swift */,
				7855ADD226FB26060056A39A /* VideoRecord.swift */,
				7855ADD626FB38880056A39A /* VideoPartsManager.swift */,
				7855ADD426FB28680056A39A /* AVAuthorization.swift */,
			);
			path = Core;
			sourceTree = "<group>";
		};
		71DFCCA3F447057DCE7A1F6C /* Pods */ = {
			isa = PBXGroup;
			children = (
				EF00FC7541DAF9C16EE1CFEA /* Pods-SmartVideoEditor.debug.xcconfig */,
				595CBB1CCBD342A4192D02BA /* Pods-SmartVideoEditor.release.xcconfig */,
			);
			path = Pods;
			sourceTree = "<group>";
		};
		EF4D6AAF1DBC0B22A29DCACD /* Frameworks */ = {
			isa = PBXGroup;
			children = (
				1EB54F102C271E9BDCE3ED83 /* Pods_SmartVideoEditor.framework */,
			);
			name = Frameworks;
			sourceTree = "<group>";
		};
/* End PBXGroup section */

/* Begin PBXNativeTarget section */
		37D4713E26F8BF63000A4610 /* SmartVideoEditor */ = {
			isa = PBXNativeTarget;
			buildConfigurationList = 37D4715326F8BF65000A4610 /* Build configuration list for PBXNativeTarget "SmartVideoEditor" */;
			buildPhases = (
				ADBED59D0EAB5CBF386ADC77 /* [CP] Check Pods Manifest.lock */,
				37D4713B26F8BF63000A4610 /* Sources */,
				37D4713C26F8BF63000A4610 /* Frameworks */,
				37D4713D26F8BF63000A4610 /* Resources */,
			);
			buildRules = (
			);
			dependencies = (
			);
			name = SmartVideoEditor;
			productName = SmartVideoEditor;
			productReference = 37D4713F26F8BF63000A4610 /* SmartVideoEditor.app */;
			productType = "com.apple.product-type.application";
		};
/* End PBXNativeTarget section */

/* Begin PBXProject section */
		37D4713726F8BF63000A4610 /* Project object */ = {
			isa = PBXProject;
			attributes = {
				LastSwiftUpdateCheck = 1250;
				LastUpgradeCheck = 1250;
				TargetAttributes = {
					37D4713E26F8BF63000A4610 = {
						CreatedOnToolsVersion = 12.5;
					};
				};
			};
			buildConfigurationList = 37D4713A26F8BF63000A4610 /* Build configuration list for PBXProject "SmartVideoEditor" */;
			compatibilityVersion = "Xcode 9.3";
			developmentRegion = en;
			hasScannedForEncodings = 0;
			knownRegions = (
				en,
				Base,
			);
			mainGroup = 37D4713626F8BF63000A4610;
			productRefGroup = 37D4714026F8BF63000A4610 /* Products */;
			projectDirPath = "";
			projectRoot = "";
			targets = (
				37D4713E26F8BF63000A4610 /* SmartVideoEditor */,
			);
		};
/* End PBXProject section */

/* Begin PBXResourcesBuildPhase section */
		37D4713D26F8BF63000A4610 /* Resources */ = {
			isa = PBXResourcesBuildPhase;
			buildActionMask = 2147483647;
			files = (
				37D4714F26F8BF65000A4610 /* LaunchScreen.storyboard in Resources */,
				37D4714C26F8BF65000A4610 /* Assets.xcassets in Resources */,
				37D4714A26F8BF63000A4610 /* Main.storyboard in Resources */,
			);
			runOnlyForDeploymentPostprocessing = 0;
		};
/* End PBXResourcesBuildPhase section */

/* Begin PBXShellScriptBuildPhase section */
		ADBED59D0EAB5CBF386ADC77 /* [CP] Check Pods Manifest.lock */ = {
			isa = PBXShellScriptBuildPhase;
			buildActionMask = 2147483647;
			files = (
			);
			inputFileListPaths = (
			);
			inputPaths = (
				"${PODS_PODFILE_DIR_PATH}/Podfile.lock",
				"${PODS_ROOT}/Manifest.lock",
			);
			name = "[CP] Check Pods Manifest.lock";
			outputFileListPaths = (
			);
			outputPaths = (
				"$(DERIVED_FILE_DIR)/Pods-SmartVideoEditor-checkManifestLockResult.txt",
			);
			runOnlyForDeploymentPostprocessing = 0;
			shellPath = /bin/sh;
			shellScript = "diff \"${PODS_PODFILE_DIR_PATH}/Podfile.lock\" \"${PODS_ROOT}/Manifest.lock\" > /dev/null\nif [ $? != 0 ] ; then\n    # print error to STDERR\n    echo \"error: The sandbox is not in sync with the Podfile.lock. Run 'pod install' or update your CocoaPods installation.\" >&2\n    exit 1\nfi\n# This output is used by Xcode 'outputs' to avoid re-running this script phase.\necho \"SUCCESS\" > \"${SCRIPT_OUTPUT_FILE_0}\"\n";
			showEnvVarsInLog = 0;
		};
/* End PBXShellScriptBuildPhase section */

/* Begin PBXSourcesBuildPhase section */
		37D4713B26F8BF63000A4610 /* Sources */ = {
			isa = PBXSourcesBuildPhase;
			buildActionMask = 2147483647;
			files = (
				37D4714726F8BF63000A4610 /* ViewController.swift in Sources */,
				37D4715926F8C444000A4610 /* VideoCollector.swift in Sources */,
				37D4714326F8BF63000A4610 /* AppDelegate.swift in Sources */,
				37D4715B26F8D028000A4610 /* VideoCollectorConfig.swift in Sources */,
				37D4714526F8BF63000A4610 /* SceneDelegate.swift in Sources */,
				7855ADD326FB26060056A39A /* VideoRecord.swift in Sources */,
				7855ADD726FB38880056A39A /* VideoPartsManager.swift in Sources */,
				7855ADD526FB28680056A39A /* AVAuthorization.swift in Sources */,
			);
			runOnlyForDeploymentPostprocessing = 0;
		};
/* End PBXSourcesBuildPhase section */

/* Begin PBXVariantGroup section */
		37D4714826F8BF63000A4610 /* Main.storyboard */ = {
			isa = PBXVariantGroup;
			children = (
				37D4714926F8BF63000A4610 /* Base */,
			);
			name = Main.storyboard;
			sourceTree = "<group>";
		};
		37D4714D26F8BF65000A4610 /* LaunchScreen.storyboard */ = {
			isa = PBXVariantGroup;
			children = (
				37D4714E26F8BF65000A4610 /* Base */,
			);
			name = LaunchScreen.storyboard;
			sourceTree = "<group>";
		};
/* End PBXVariantGroup section */

/* Begin XCBuildConfiguration section */
		37D4715126F8BF65000A4610 /* Debug */ = {
			isa = XCBuildConfiguration;
			buildSettings = {
				ALWAYS_SEARCH_USER_PATHS = NO;
				CLANG_ANALYZER_NONNULL = YES;
				CLANG_ANALYZER_NUMBER_OBJECT_CONVERSION = YES_AGGRESSIVE;
				CLANG_CXX_LANGUAGE_STANDARD = "gnu++14";
				CLANG_CXX_LIBRARY = "libc++";
				CLANG_ENABLE_MODULES = YES;
				CLANG_ENABLE_OBJC_ARC = YES;
				CLANG_ENABLE_OBJC_WEAK = YES;
				CLANG_WARN_BLOCK_CAPTURE_AUTORELEASING = YES;
				CLANG_WARN_BOOL_CONVERSION = YES;
				CLANG_WARN_COMMA = YES;
				CLANG_WARN_CONSTANT_CONVERSION = YES;
				CLANG_WARN_DEPRECATED_OBJC_IMPLEMENTATIONS = YES;
				CLANG_WARN_DIRECT_OBJC_ISA_USAGE = YES_ERROR;
				CLANG_WARN_DOCUMENTATION_COMMENTS = YES;
				CLANG_WARN_EMPTY_BODY = YES;
				CLANG_WARN_ENUM_CONVERSION = YES;
				CLANG_WARN_INFINITE_RECURSION = YES;
				CLANG_WARN_INT_CONVERSION = YES;
				CLANG_WARN_NON_LITERAL_NULL_CONVERSION = YES;
				CLANG_WARN_OBJC_IMPLICIT_RETAIN_SELF = YES;
				CLANG_WARN_OBJC_LITERAL_CONVERSION = YES;
				CLANG_WARN_OBJC_ROOT_CLASS = YES_ERROR;
				CLANG_WARN_QUOTED_INCLUDE_IN_FRAMEWORK_HEADER = YES;
				CLANG_WARN_RANGE_LOOP_ANALYSIS = YES;
				CLANG_WARN_STRICT_PROTOTYPES = YES;
				CLANG_WARN_SUSPICIOUS_MOVE = YES;
				CLANG_WARN_UNGUARDED_AVAILABILITY = YES_AGGRESSIVE;
				CLANG_WARN_UNREACHABLE_CODE = YES;
				CLANG_WARN__DUPLICATE_METHOD_MATCH = YES;
				COPY_PHASE_STRIP = NO;
				DEBUG_INFORMATION_FORMAT = dwarf;
				ENABLE_STRICT_OBJC_MSGSEND = YES;
				ENABLE_TESTABILITY = YES;
				GCC_C_LANGUAGE_STANDARD = gnu11;
				GCC_DYNAMIC_NO_PIC = NO;
				GCC_NO_COMMON_BLOCKS = YES;
				GCC_OPTIMIZATION_LEVEL = 0;
				GCC_PREPROCESSOR_DEFINITIONS = (
					"DEBUG=1",
					"$(inherited)",
				);
				GCC_WARN_64_TO_32_BIT_CONVERSION = YES;
				GCC_WARN_ABOUT_RETURN_TYPE = YES_ERROR;
				GCC_WARN_UNDECLARED_SELECTOR = YES;
				GCC_WARN_UNINITIALIZED_AUTOS = YES_AGGRESSIVE;
				GCC_WARN_UNUSED_FUNCTION = YES;
				GCC_WARN_UNUSED_VARIABLE = YES;
				IPHONEOS_DEPLOYMENT_TARGET = 14.5;
				MTL_ENABLE_DEBUG_INFO = INCLUDE_SOURCE;
				MTL_FAST_MATH = YES;
				ONLY_ACTIVE_ARCH = YES;
				SDKROOT = iphoneos;
				SWIFT_ACTIVE_COMPILATION_CONDITIONS = DEBUG;
				SWIFT_OPTIMIZATION_LEVEL = "-Onone";
			};
			name = Debug;
		};
		37D4715226F8BF65000A4610 /* Release */ = {
			isa = XCBuildConfiguration;
			buildSettings = {
				ALWAYS_SEARCH_USER_PATHS = NO;
				CLANG_ANALYZER_NONNULL = YES;
				CLANG_ANALYZER_NUMBER_OBJECT_CONVERSION = YES_AGGRESSIVE;
				CLANG_CXX_LANGUAGE_STANDARD = "gnu++14";
				CLANG_CXX_LIBRARY = "libc++";
				CLANG_ENABLE_MODULES = YES;
				CLANG_ENABLE_OBJC_ARC = YES;
				CLANG_ENABLE_OBJC_WEAK = YES;
				CLANG_WARN_BLOCK_CAPTURE_AUTORELEASING = YES;
				CLANG_WARN_BOOL_CONVERSION = YES;
				CLANG_WARN_COMMA = YES;
				CLANG_WARN_CONSTANT_CONVERSION = YES;
				CLANG_WARN_DEPRECATED_OBJC_IMPLEMENTATIONS = YES;
				CLANG_WARN_DIRECT_OBJC_ISA_USAGE = YES_ERROR;
				CLANG_WARN_DOCUMENTATION_COMMENTS = YES;
				CLANG_WARN_EMPTY_BODY = YES;
				CLANG_WARN_ENUM_CONVERSION = YES;
				CLANG_WARN_INFINITE_RECURSION = YES;
				CLANG_WARN_INT_CONVERSION = YES;
				CLANG_WARN_NON_LITERAL_NULL_CONVERSION = YES;
				CLANG_WARN_OBJC_IMPLICIT_RETAIN_SELF = YES;
				CLANG_WARN_OBJC_LITERAL_CONVERSION = YES;
				CLANG_WARN_OBJC_ROOT_CLASS = YES_ERROR;
				CLANG_WARN_QUOTED_INCLUDE_IN_FRAMEWORK_HEADER = YES;
				CLANG_WARN_RANGE_LOOP_ANALYSIS = YES;
				CLANG_WARN_STRICT_PROTOTYPES = YES;
				CLANG_WARN_SUSPICIOUS_MOVE = YES;
				CLANG_WARN_UNGUARDED_AVAILABILITY = YES_AGGRESSIVE;
				CLANG_WARN_UNREACHABLE_CODE = YES;
				CLANG_WARN__DUPLICATE_METHOD_MATCH = YES;
				COPY_PHASE_STRIP = NO;
				DEBUG_INFORMATION_FORMAT = "dwarf-with-dsym";
				ENABLE_NS_ASSERTIONS = NO;
				ENABLE_STRICT_OBJC_MSGSEND = YES;
				GCC_C_LANGUAGE_STANDARD = gnu11;
				GCC_NO_COMMON_BLOCKS = YES;
				GCC_WARN_64_TO_32_BIT_CONVERSION = YES;
				GCC_WARN_ABOUT_RETURN_TYPE = YES_ERROR;
				GCC_WARN_UNDECLARED_SELECTOR = YES;
				GCC_WARN_UNINITIALIZED_AUTOS = YES_AGGRESSIVE;
				GCC_WARN_UNUSED_FUNCTION = YES;
				GCC_WARN_UNUSED_VARIABLE = YES;
				IPHONEOS_DEPLOYMENT_TARGET = 14.5;
				MTL_ENABLE_DEBUG_INFO = NO;
				MTL_FAST_MATH = YES;
				SDKROOT = iphoneos;
				SWIFT_COMPILATION_MODE = wholemodule;
				SWIFT_OPTIMIZATION_LEVEL = "-O";
				VALIDATE_PRODUCT = YES;
			};
			name = Release;
		};
		37D4715426F8BF65000A4610 /* Debug */ = {
			isa = XCBuildConfiguration;
			baseConfigurationReference = EF00FC7541DAF9C16EE1CFEA /* Pods-SmartVideoEditor.debug.xcconfig */;
			buildSettings = {
				ASSETCATALOG_COMPILER_APPICON_NAME = AppIcon;
				ASSETCATALOG_COMPILER_GLOBAL_ACCENT_COLOR_NAME = AccentColor;
				CODE_SIGN_STYLE = Automatic;
				INFOPLIST_FILE = SmartVideoEditor/Info.plist;
				LD_RUNPATH_SEARCH_PATHS = (
					"$(inherited)",
					"@executable_path/Frameworks",
				);
				PRODUCT_BUNDLE_IDENTIFIER = com.jinfeng.SmartVideoEditor;
				PRODUCT_NAME = "$(TARGET_NAME)";
				SWIFT_VERSION = 5.0;
				TARGETED_DEVICE_FAMILY = "1,2";
			};
			name = Debug;
		};
		37D4715526F8BF65000A4610 /* Release */ = {
			isa = XCBuildConfiguration;
			baseConfigurationReference = 595CBB1CCBD342A4192D02BA /* Pods-SmartVideoEditor.release.xcconfig */;
			buildSettings = {
				ASSETCATALOG_COMPILER_APPICON_NAME = AppIcon;
				ASSETCATALOG_COMPILER_GLOBAL_ACCENT_COLOR_NAME = AccentColor;
				CODE_SIGN_STYLE = Automatic;
				INFOPLIST_FILE = SmartVideoEditor/Info.plist;
				LD_RUNPATH_SEARCH_PATHS = (
					"$(inherited)",
					"@executable_path/Frameworks",
				);
				PRODUCT_BUNDLE_IDENTIFIER = com.jinfeng.SmartVideoEditor;
				PRODUCT_NAME = "$(TARGET_NAME)";
				SWIFT_VERSION = 5.0;
				TARGETED_DEVICE_FAMILY = "1,2";
			};
			name = Release;
		};
/* End XCBuildConfiguration section */

/* Begin XCConfigurationList section */
		37D4713A26F8BF63000A4610 /* Build configuration list for PBXProject "SmartVideoEditor" */ = {
			isa = XCConfigurationList;
			buildConfigurations = (
				37D4715126F8BF65000A4610 /* Debug */,
				37D4715226F8BF65000A4610 /* Release */,
			);
			defaultConfigurationIsVisible = 0;
			defaultConfigurationName = Release;
		};
		37D4715326F8BF65000A4610 /* Build configuration list for PBXNativeTarget "SmartVideoEditor" */ = {
			isa = XCConfigurationList;
			buildConfigurations = (
				37D4715426F8BF65000A4610 /* Debug */,
				37D4715526F8BF65000A4610 /* Release */,
			);
			defaultConfigurationIsVisible = 0;
			defaultConfigurationName = Release;
		};
/* End XCConfigurationList section */
	};
	rootObject = 37D4713726F8BF63000A4610 /* Project object */;
}
